
Microsoft Visual Studio Solution File, Format Version 12.00
# Visual Studio Version 16
VisualStudioVersion = 16.0.31624.102
MinimumVisualStudioVersion = 10.0.40219.1
Project("{2150E333-8FDC-42A3-9474-1A3956D46DE8}") = "Core", "Core", "{4C7F35E3-8B90-41D6-9C63-C3A2E13300B7}"
EndProject
Project("{9A19103F-16F7-4668-BE54-9A1E7A4F7556}") = "HRManagement.Domain", "HRManagement.Domain\HRManagement.Domain.csproj", "{7A630AF7-6F91-45BE-BA45-923A8D9E17A2}"
EndProject
Project("{9A19103F-16F7-4668-BE54-9A1E7A4F7556}") = "HRManagement.Application", "HRManagement.Application\HRManagement.Application.csproj", "{BFC236B3-403C-411E-9F9A-67902D69C8AD}"
EndProject
Project("{2150E333-8FDC-42A3-9474-1A3956D46DE8}") = "Infrastructure", "Infrastructure", "{4CB07348-19CC-4064-8728-ADFCBE5F0FAB}"
EndProject
Project("{9A19103F-16F7-4668-BE54-9A1E7A4F7556}") = "HRManagement.Persistence", "HRManagement.Persistence\HRManagement.Persistence.csproj", "{02DCB6AB-95CC-4AC0-BC13-2698DA3CAFA4}"
EndProject
Project("{2150E333-8FDC-42A3-9474-1A3956D46DE8}") = "Api", "Api", "{A8734D1B-B2C5-468A-86F0-D3AE472C05CC}"
EndProject
Project("{9A19103F-16F7-4668-BE54-9A1E7A4F7556}") = "HRManagement.API", "HRManagement.API\HRManagement.API.csproj", "{64F6B049-0EC3-47F5-A386-CB0705FB8FB1}"
EndProject
Project("{2150E333-8FDC-42A3-9474-1A3956D46DE8}") = "ui", "ui", "{5C5324F8-08E3-4A32-BF59-E21918230088}"
EndProject
Project("{9A19103F-16F7-4668-BE54-9A1E7A4F7556}") = "HRManagement.UI", "HRManagement.UI\HRManagement.UI.csproj", "{2599A698-6506-46A6-BA8C-5E06A78C1C95}"
EndProject
Project("{FAE04EC0-301F-11D3-BF4B-00C04F79EFBC}") = "HRManagement.Identity", "HRManagement.Identity\HRManagement.Identity.csproj", "{865D9F9D-283F-4E8D-B7C0-EFF0C3F414A3}"
EndProject
Project("{2150E333-8FDC-42A3-9474-1A3956D46DE8}") = "src", "src", "{8B0486B9-C0F2-448D-813E-AC3902382E96}"
EndProject
Project("{2150E333-8FDC-42A3-9474-1A3956D46DE8}") = "test", "test", "{0E828014-AC10-400E-B8E7-BE1812C20DA9}"
EndProject
Global
	GlobalSection(SolutionConfigurationPlatforms) = preSolution
		Debug|Any CPU = Debug|Any CPU
		Release|Any CPU = Release|Any CPU
	EndGlobalSection
	GlobalSection(ProjectConfigurationPlatforms) = postSolution
		{7A630AF7-6F91-45BE-BA45-923A8D9E17A2}.Debug|Any CPU.ActiveCfg = Debug|Any CPU
		{7A630AF7-6F91-45BE-BA45-923A8D9E17A2}.Debug|Any CPU.Build.0 = Debug|Any CPU
		{7A630AF7-6F91-45BE-BA45-923A8D9E17A2}.Release|Any CPU.ActiveCfg = Release|Any CPU
		{7A630AF7-6F91-45BE-BA45-923A8D9E17A2}.Release|Any CPU.Build.0 = Release|Any CPU
		{BFC236B3-403C-411E-9F9A-67902D69C8AD}.Debug|Any CPU.ActiveCfg = Debug|Any CPU
		{BFC236B3-403C-411E-9F9A-67902D69C8AD}.Debug|Any CPU.Build.0 = Debug|Any CPU
		{BFC236B3-403C-411E-9F9A-67902D69C8AD}.Release|Any CPU.ActiveCfg = Release|Any CPU
		{BFC236B3-403C-411E-9F9A-67902D69C8AD}.Release|Any CPU.Build.0 = Release|Any CPU
		{02DCB6AB-95CC-4AC0-BC13-2698DA3CAFA4}.Debug|Any CPU.ActiveCfg = Debug|Any CPU
		{02DCB6AB-95CC-4AC0-BC13-2698DA3CAFA4}.Debug|Any CPU.Build.0 = Debug|Any CPU
		{02DCB6AB-95CC-4AC0-BC13-2698DA3CAFA4}.Release|Any CPU.ActiveCfg = Release|Any CPU
		{02DCB6AB-95CC-4AC0-BC13-2698DA3CAFA4}.Release|Any CPU.Build.0 = Release|Any CPU
		{64F6B049-0EC3-47F5-A386-CB0705FB8FB1}.Debug|Any CPU.ActiveCfg = Debug|Any CPU
		{64F6B049-0EC3-47F5-A386-CB0705FB8FB1}.Debug|Any CPU.Build.0 = Debug|Any CPU
		{64F6B049-0EC3-47F5-A386-CB0705FB8FB1}.Release|Any CPU.ActiveCfg = Release|Any CPU
		{64F6B049-0EC3-47F5-A386-CB0705FB8FB1}.Release|Any CPU.Build.0 = Release|Any CPU
		{2599A698-6506-46A6-BA8C-5E06A78C1C95}.Debug|Any CPU.ActiveCfg = Debug|Any CPU
		{2599A698-6506-46A6-BA8C-5E06A78C1C95}.Debug|Any CPU.Build.0 = Debug|Any CPU
		{2599A698-6506-46A6-BA8C-5E06A78C1C95}.Release|Any CPU.ActiveCfg = Release|Any CPU
		{2599A698-6506-46A6-BA8C-5E06A78C1C95}.Release|Any CPU.Build.0 = Release|Any CPU
		{865D9F9D-283F-4E8D-B7C0-EFF0C3F414A3}.Debug|Any CPU.ActiveCfg = Debug|Any CPU
		{865D9F9D-283F-4E8D-B7C0-EFF0C3F414A3}.Debug|Any CPU.Build.0 = Debug|Any CPU
		{865D9F9D-283F-4E8D-B7C0-EFF0C3F414A3}.Release|Any CPU.ActiveCfg = Release|Any CPU
		{865D9F9D-283F-4E8D-B7C0-EFF0C3F414A3}.Release|Any CPU.Build.0 = Release|Any CPU
	EndGlobalSection
	GlobalSection(SolutionProperties) = preSolution
		HideSolutionNode = FALSE
	EndGlobalSection
	GlobalSection(NestedProjects) = preSolution
		{4C7F35E3-8B90-41D6-9C63-C3A2E13300B7} = {8B0486B9-C0F2-448D-813E-AC3902382E96}
		{7A630AF7-6F91-45BE-BA45-923A8D9E17A2} = {4C7F35E3-8B90-41D6-9C63-C3A2E13300B7}
		{BFC236B3-403C-411E-9F9A-67902D69C8AD} = {4C7F35E3-8B90-41D6-9C63-C3A2E13300B7}
		{4CB07348-19CC-4064-8728-ADFCBE5F0FAB} = {8B0486B9-C0F2-448D-813E-AC3902382E96}
		{02DCB6AB-95CC-4AC0-BC13-2698DA3CAFA4} = {4CB07348-19CC-4064-8728-ADFCBE5F0FAB}
		{A8734D1B-B2C5-468A-86F0-D3AE472C05CC} = {8B0486B9-C0F2-448D-813E-AC3902382E96}
		{64F6B049-0EC3-47F5-A386-CB0705FB8FB1} = {A8734D1B-B2C5-468A-86F0-D3AE472C05CC}
		{5C5324F8-08E3-4A32-BF59-E21918230088} = {8B0486B9-C0F2-448D-813E-AC3902382E96}
		{2599A698-6506-46A6-BA8C-5E06A78C1C95} = {5C5324F8-08E3-4A32-BF59-E21918230088}
		{865D9F9D-283F-4E8D-B7C0-EFF0C3F414A3} = {4CB07348-19CC-4064-8728-ADFCBE5F0FAB}
	EndGlobalSection
	GlobalSection(ExtensibilityGlobals) = postSolution
		SolutionGuid = {1443E649-C935-4CDA-A058-BE1D756F17CF}
	EndGlobalSection
EndGlobal
